
Microsoft Visual Studio Solution File, Format Version 12.00
# Visual Studio 15
Project("{FAE04EC0-301F-11D3-BF4B-00C04F79EFBC}") = "BDI3Mobile", "BDI3Mobile.csproj", "{2AF62D3B-3232-49FE-BDBF-28A7C283D19B}"
EndProject
Global
	GlobalSection(SolutionConfigurationPlatforms) = preSolution
		Debug|Any CPU = Debug|Any CPU
		Release|Any CPU = Release|Any CPU
	EndGlobalSection
	GlobalSection(ProjectConfigurationPlatforms) = postSolution
		{2AF62D3B-3232-49FE-BDBF-28A7C283D19B}.Debug|Any CPU.ActiveCfg = Debug|Any CPU
		{2AF62D3B-3232-49FE-BDBF-28A7C283D19B}.Debug|Any CPU.Build.0 = Debug|Any CPU
		{2AF62D3B-3232-49FE-BDBF-28A7C283D19B}.Release|Any CPU.ActiveCfg = Release|Any CPU
		{2AF62D3B-3232-49FE-BDBF-28A7C283D19B}.Release|Any CPU.Build.0 = Release|Any CPU
	EndGlobalSection
EndGlobal
