
Microsoft Visual Studio Solution File, Format Version 12.00
# Visual Studio 15
VisualStudioVersion = 15.0.28010.2041
MinimumVisualStudioVersion = 10.0.40219.1
Project("{FAE04EC0-301F-11D3-BF4B-00C04F79EFBC}") = "BDI3Mobile.Android", "BDI3Mobile\BDI3Mobile.Android\BDI3Mobile.Android.csproj", "{FA84FADD-95F7-4682-BD0A-69026E85673E}"
EndProject
Project("{FAE04EC0-301F-11D3-BF4B-00C04F79EFBC}") = "BDI3Mobile.iOS", "BDI3Mobile\BDI3Mobile.iOS\BDI3Mobile.iOS.csproj", "{DF62CE8C-BCD0-4FCB-A81F-6202581898AF}"
EndProject
Project("{FAE04EC0-301F-11D3-BF4B-00C04F79EFBC}") = "BDI3Mobile", "BDI3Mobile\BDI3Mobile\BDI3Mobile.csproj", "{F2B51A1B-80D8-46A5-B4C9-D5A4102D5303}"
EndProject
Project("{9344BDBB-3E7F-41FC-A0DD-8665D75EE146}") = "BDI3Mobile.UWP", "BDI3Mobile\BDI3Mobile.UWP\BDI3Mobile.UWP.csproj", "{1D409E37-4EC3-4D8E-B76A-19AA63602ED8}"
EndProject
Project("{FAE04EC0-301F-11D3-BF4B-00C04F79EFBC}") = "ClinicalScoring", "BDI3Mobile\ClinicalScoring\ClinicalScoring.csproj", "{57092922-8AC9-43AD-9F21-0C3B08E19615}"
EndProject
Project("{FAE04EC0-301F-11D3-BF4B-00C04F79EFBC}") = "ScoringTests", "ScoringTests\ScoringTests.csproj", "{2F03B799-C89D-4DD7-9B8D-0E94C6AFEB12}"
EndProject
Global
	GlobalSection(SolutionConfigurationPlatforms) = preSolution
		Ad-Hoc|Any CPU = Ad-Hoc|Any CPU
		Ad-Hoc|ARM = Ad-Hoc|ARM
		Ad-Hoc|iPhone = Ad-Hoc|iPhone
		Ad-Hoc|iPhoneSimulator = Ad-Hoc|iPhoneSimulator
		Ad-Hoc|x64 = Ad-Hoc|x64
		Ad-Hoc|x86 = Ad-Hoc|x86
		AppStore|Any CPU = AppStore|Any CPU
		AppStore|ARM = AppStore|ARM
		AppStore|iPhone = AppStore|iPhone
		AppStore|iPhoneSimulator = AppStore|iPhoneSimulator
		AppStore|x64 = AppStore|x64
		AppStore|x86 = AppStore|x86
		Debug|Any CPU = Debug|Any CPU
		Debug|ARM = Debug|ARM
		Debug|iPhone = Debug|iPhone
		Debug|iPhoneSimulator = Debug|iPhoneSimulator
		Debug|x64 = Debug|x64
		Debug|x86 = Debug|x86
		Release|Any CPU = Release|Any CPU
		Release|ARM = Release|ARM
		Release|iPhone = Release|iPhone
		Release|iPhoneSimulator = Release|iPhoneSimulator
		Release|x64 = Release|x64
		Release|x86 = Release|x86
	EndGlobalSection
	GlobalSection(ProjectConfigurationPlatforms) = postSolution
		{FA84FADD-95F7-4682-BD0A-69026E85673E}.Ad-Hoc|Any CPU.ActiveCfg = Release|Any CPU
		{FA84FADD-95F7-4682-BD0A-69026E85673E}.Ad-Hoc|Any CPU.Build.0 = Release|Any CPU
		{FA84FADD-95F7-4682-BD0A-69026E85673E}.Ad-Hoc|Any CPU.Deploy.0 = Release|Any CPU
		{FA84FADD-95F7-4682-BD0A-69026E85673E}.Ad-Hoc|ARM.ActiveCfg = Release|Any CPU
		{FA84FADD-95F7-4682-BD0A-69026E85673E}.Ad-Hoc|ARM.Build.0 = Release|Any CPU
		{FA84FADD-95F7-4682-BD0A-69026E85673E}.Ad-Hoc|ARM.Deploy.0 = Release|Any CPU
		{FA84FADD-95F7-4682-BD0A-69026E85673E}.Ad-Hoc|iPhone.ActiveCfg = Release|Any CPU
		{FA84FADD-95F7-4682-BD0A-69026E85673E}.Ad-Hoc|iPhone.Build.0 = Release|Any CPU
		{FA84FADD-95F7-4682-BD0A-69026E85673E}.Ad-Hoc|iPhone.Deploy.0 = Release|Any CPU
		{FA84FADD-95F7-4682-BD0A-69026E85673E}.Ad-Hoc|iPhoneSimulator.ActiveCfg = Release|Any CPU
		{FA84FADD-95F7-4682-BD0A-69026E85673E}.Ad-Hoc|iPhoneSimulator.Build.0 = Release|Any CPU
		{FA84FADD-95F7-4682-BD0A-69026E85673E}.Ad-Hoc|iPhoneSimulator.Deploy.0 = Release|Any CPU
		{FA84FADD-95F7-4682-BD0A-69026E85673E}.Ad-Hoc|x64.ActiveCfg = Release|Any CPU
		{FA84FADD-95F7-4682-BD0A-69026E85673E}.Ad-Hoc|x64.Build.0 = Release|Any CPU
		{FA84FADD-95F7-4682-BD0A-69026E85673E}.Ad-Hoc|x64.Deploy.0 = Release|Any CPU
		{FA84FADD-95F7-4682-BD0A-69026E85673E}.Ad-Hoc|x86.ActiveCfg = Release|Any CPU
		{FA84FADD-95F7-4682-BD0A-69026E85673E}.Ad-Hoc|x86.Build.0 = Release|Any CPU
		{FA84FADD-95F7-4682-BD0A-69026E85673E}.Ad-Hoc|x86.Deploy.0 = Release|Any CPU
		{FA84FADD-95F7-4682-BD0A-69026E85673E}.AppStore|Any CPU.ActiveCfg = Release|Any CPU
		{FA84FADD-95F7-4682-BD0A-69026E85673E}.AppStore|Any CPU.Build.0 = Release|Any CPU
		{FA84FADD-95F7-4682-BD0A-69026E85673E}.AppStore|Any CPU.Deploy.0 = Release|Any CPU
		{FA84FADD-95F7-4682-BD0A-69026E85673E}.AppStore|ARM.ActiveCfg = Release|Any CPU
		{FA84FADD-95F7-4682-BD0A-69026E85673E}.AppStore|ARM.Build.0 = Release|Any CPU
		{FA84FADD-95F7-4682-BD0A-69026E85673E}.AppStore|ARM.Deploy.0 = Release|Any CPU
		{FA84FADD-95F7-4682-BD0A-69026E85673E}.AppStore|iPhone.ActiveCfg = Release|Any CPU
		{FA84FADD-95F7-4682-BD0A-69026E85673E}.AppStore|iPhone.Build.0 = Release|Any CPU
		{FA84FADD-95F7-4682-BD0A-69026E85673E}.AppStore|iPhone.Deploy.0 = Release|Any CPU
		{FA84FADD-95F7-4682-BD0A-69026E85673E}.AppStore|iPhoneSimulator.ActiveCfg = Release|Any CPU
		{FA84FADD-95F7-4682-BD0A-69026E85673E}.AppStore|iPhoneSimulator.Build.0 = Release|Any CPU
		{FA84FADD-95F7-4682-BD0A-69026E85673E}.AppStore|iPhoneSimulator.Deploy.0 = Release|Any CPU
		{FA84FADD-95F7-4682-BD0A-69026E85673E}.AppStore|x64.ActiveCfg = Release|Any CPU
		{FA84FADD-95F7-4682-BD0A-69026E85673E}.AppStore|x64.Build.0 = Release|Any CPU
		{FA84FADD-95F7-4682-BD0A-69026E85673E}.AppStore|x64.Deploy.0 = Release|Any CPU
		{FA84FADD-95F7-4682-BD0A-69026E85673E}.AppStore|x86.ActiveCfg = Release|Any CPU
		{FA84FADD-95F7-4682-BD0A-69026E85673E}.AppStore|x86.Build.0 = Release|Any CPU
		{FA84FADD-95F7-4682-BD0A-69026E85673E}.AppStore|x86.Deploy.0 = Release|Any CPU
		{FA84FADD-95F7-4682-BD0A-69026E85673E}.Debug|Any CPU.ActiveCfg = Debug|Any CPU
		{FA84FADD-95F7-4682-BD0A-69026E85673E}.Debug|Any CPU.Build.0 = Debug|Any CPU
		{FA84FADD-95F7-4682-BD0A-69026E85673E}.Debug|Any CPU.Deploy.0 = Debug|Any CPU
		{FA84FADD-95F7-4682-BD0A-69026E85673E}.Debug|ARM.ActiveCfg = Debug|Any CPU
		{FA84FADD-95F7-4682-BD0A-69026E85673E}.Debug|ARM.Build.0 = Debug|Any CPU
		{FA84FADD-95F7-4682-BD0A-69026E85673E}.Debug|ARM.Deploy.0 = Debug|Any CPU
		{FA84FADD-95F7-4682-BD0A-69026E85673E}.Debug|iPhone.ActiveCfg = Debug|Any CPU
		{FA84FADD-95F7-4682-BD0A-69026E85673E}.Debug|iPhone.Build.0 = Debug|Any CPU
		{FA84FADD-95F7-4682-BD0A-69026E85673E}.Debug|iPhone.Deploy.0 = Debug|Any CPU
		{FA84FADD-95F7-4682-BD0A-69026E85673E}.Debug|iPhoneSimulator.ActiveCfg = Debug|Any CPU
		{FA84FADD-95F7-4682-BD0A-69026E85673E}.Debug|iPhoneSimulator.Build.0 = Debug|Any CPU
		{FA84FADD-95F7-4682-BD0A-69026E85673E}.Debug|iPhoneSimulator.Deploy.0 = Debug|Any CPU
		{FA84FADD-95F7-4682-BD0A-69026E85673E}.Debug|x64.ActiveCfg = Debug|Any CPU
		{FA84FADD-95F7-4682-BD0A-69026E85673E}.Debug|x64.Build.0 = Debug|Any CPU
		{FA84FADD-95F7-4682-BD0A-69026E85673E}.Debug|x64.Deploy.0 = Debug|Any CPU
		{FA84FADD-95F7-4682-BD0A-69026E85673E}.Debug|x86.ActiveCfg = Debug|Any CPU
		{FA84FADD-95F7-4682-BD0A-69026E85673E}.Debug|x86.Build.0 = Debug|Any CPU
		{FA84FADD-95F7-4682-BD0A-69026E85673E}.Debug|x86.Deploy.0 = Debug|Any CPU
		{FA84FADD-95F7-4682-BD0A-69026E85673E}.Release|Any CPU.ActiveCfg = Release|Any CPU
		{FA84FADD-95F7-4682-BD0A-69026E85673E}.Release|Any CPU.Build.0 = Release|Any CPU
		{FA84FADD-95F7-4682-BD0A-69026E85673E}.Release|Any CPU.Deploy.0 = Release|Any CPU
		{FA84FADD-95F7-4682-BD0A-69026E85673E}.Release|ARM.ActiveCfg = Release|Any CPU
		{FA84FADD-95F7-4682-BD0A-69026E85673E}.Release|ARM.Build.0 = Release|Any CPU
		{FA84FADD-95F7-4682-BD0A-69026E85673E}.Release|ARM.Deploy.0 = Release|Any CPU
		{FA84FADD-95F7-4682-BD0A-69026E85673E}.Release|iPhone.ActiveCfg = Release|Any CPU
		{FA84FADD-95F7-4682-BD0A-69026E85673E}.Release|iPhone.Build.0 = Release|Any CPU
		{FA84FADD-95F7-4682-BD0A-69026E85673E}.Release|iPhone.Deploy.0 = Release|Any CPU
		{FA84FADD-95F7-4682-BD0A-69026E85673E}.Release|iPhoneSimulator.ActiveCfg = Release|Any CPU
		{FA84FADD-95F7-4682-BD0A-69026E85673E}.Release|iPhoneSimulator.Build.0 = Release|Any CPU
		{FA84FADD-95F7-4682-BD0A-69026E85673E}.Release|iPhoneSimulator.Deploy.0 = Release|Any CPU
		{FA84FADD-95F7-4682-BD0A-69026E85673E}.Release|x64.ActiveCfg = Release|Any CPU
		{FA84FADD-95F7-4682-BD0A-69026E85673E}.Release|x64.Build.0 = Release|Any CPU
		{FA84FADD-95F7-4682-BD0A-69026E85673E}.Release|x64.Deploy.0 = Release|Any CPU
		{FA84FADD-95F7-4682-BD0A-69026E85673E}.Release|x86.ActiveCfg = Release|Any CPU
		{FA84FADD-95F7-4682-BD0A-69026E85673E}.Release|x86.Build.0 = Release|Any CPU
		{FA84FADD-95F7-4682-BD0A-69026E85673E}.Release|x86.Deploy.0 = Release|Any CPU
		{DF62CE8C-BCD0-4FCB-A81F-6202581898AF}.Ad-Hoc|Any CPU.ActiveCfg = Ad-Hoc|iPhone
		{DF62CE8C-BCD0-4FCB-A81F-6202581898AF}.Ad-Hoc|Any CPU.Build.0 = Ad-Hoc|iPhone
		{DF62CE8C-BCD0-4FCB-A81F-6202581898AF}.Ad-Hoc|Any CPU.Deploy.0 = Ad-Hoc|iPhone
		{DF62CE8C-BCD0-4FCB-A81F-6202581898AF}.Ad-Hoc|ARM.ActiveCfg = Ad-Hoc|iPhone
		{DF62CE8C-BCD0-4FCB-A81F-6202581898AF}.Ad-Hoc|ARM.Build.0 = Ad-Hoc|iPhone
		{DF62CE8C-BCD0-4FCB-A81F-6202581898AF}.Ad-Hoc|ARM.Deploy.0 = Ad-Hoc|iPhone
		{DF62CE8C-BCD0-4FCB-A81F-6202581898AF}.Ad-Hoc|iPhone.ActiveCfg = Ad-Hoc|iPhone
		{DF62CE8C-BCD0-4FCB-A81F-6202581898AF}.Ad-Hoc|iPhone.Build.0 = Ad-Hoc|iPhone
		{DF62CE8C-BCD0-4FCB-A81F-6202581898AF}.Ad-Hoc|iPhone.Deploy.0 = Ad-Hoc|iPhone
		{DF62CE8C-BCD0-4FCB-A81F-6202581898AF}.Ad-Hoc|iPhoneSimulator.ActiveCfg = Ad-Hoc|iPhoneSimulator
		{DF62CE8C-BCD0-4FCB-A81F-6202581898AF}.Ad-Hoc|iPhoneSimulator.Build.0 = Ad-Hoc|iPhoneSimulator
		{DF62CE8C-BCD0-4FCB-A81F-6202581898AF}.Ad-Hoc|iPhoneSimulator.Deploy.0 = Ad-Hoc|iPhoneSimulator
		{DF62CE8C-BCD0-4FCB-A81F-6202581898AF}.Ad-Hoc|x64.ActiveCfg = Ad-Hoc|iPhone
		{DF62CE8C-BCD0-4FCB-A81F-6202581898AF}.Ad-Hoc|x64.Build.0 = Ad-Hoc|iPhone
		{DF62CE8C-BCD0-4FCB-A81F-6202581898AF}.Ad-Hoc|x64.Deploy.0 = Ad-Hoc|iPhone
		{DF62CE8C-BCD0-4FCB-A81F-6202581898AF}.Ad-Hoc|x86.ActiveCfg = Ad-Hoc|iPhone
		{DF62CE8C-BCD0-4FCB-A81F-6202581898AF}.Ad-Hoc|x86.Build.0 = Ad-Hoc|iPhone
		{DF62CE8C-BCD0-4FCB-A81F-6202581898AF}.Ad-Hoc|x86.Deploy.0 = Ad-Hoc|iPhone
		{DF62CE8C-BCD0-4FCB-A81F-6202581898AF}.AppStore|Any CPU.ActiveCfg = AppStore|iPhone
		{DF62CE8C-BCD0-4FCB-A81F-6202581898AF}.AppStore|Any CPU.Build.0 = AppStore|iPhone
		{DF62CE8C-BCD0-4FCB-A81F-6202581898AF}.AppStore|Any CPU.Deploy.0 = AppStore|iPhone
		{DF62CE8C-BCD0-4FCB-A81F-6202581898AF}.AppStore|ARM.ActiveCfg = AppStore|iPhone
		{DF62CE8C-BCD0-4FCB-A81F-6202581898AF}.AppStore|ARM.Build.0 = AppStore|iPhone
		{DF62CE8C-BCD0-4FCB-A81F-6202581898AF}.AppStore|ARM.Deploy.0 = AppStore|iPhone
		{DF62CE8C-BCD0-4FCB-A81F-6202581898AF}.AppStore|iPhone.ActiveCfg = AppStore|iPhone
		{DF62CE8C-BCD0-4FCB-A81F-6202581898AF}.AppStore|iPhone.Build.0 = AppStore|iPhone
		{DF62CE8C-BCD0-4FCB-A81F-6202581898AF}.AppStore|iPhone.Deploy.0 = AppStore|iPhone
		{DF62CE8C-BCD0-4FCB-A81F-6202581898AF}.AppStore|iPhoneSimulator.ActiveCfg = AppStore|iPhoneSimulator
		{DF62CE8C-BCD0-4FCB-A81F-6202581898AF}.AppStore|iPhoneSimulator.Build.0 = AppStore|iPhoneSimulator
		{DF62CE8C-BCD0-4FCB-A81F-6202581898AF}.AppStore|iPhoneSimulator.Deploy.0 = AppStore|iPhoneSimulator
		{DF62CE8C-BCD0-4FCB-A81F-6202581898AF}.AppStore|x64.ActiveCfg = AppStore|iPhone
		{DF62CE8C-BCD0-4FCB-A81F-6202581898AF}.AppStore|x64.Build.0 = AppStore|iPhone
		{DF62CE8C-BCD0-4FCB-A81F-6202581898AF}.AppStore|x64.Deploy.0 = AppStore|iPhone
		{DF62CE8C-BCD0-4FCB-A81F-6202581898AF}.AppStore|x86.ActiveCfg = AppStore|iPhone
		{DF62CE8C-BCD0-4FCB-A81F-6202581898AF}.AppStore|x86.Build.0 = AppStore|iPhone
		{DF62CE8C-BCD0-4FCB-A81F-6202581898AF}.AppStore|x86.Deploy.0 = AppStore|iPhone
		{DF62CE8C-BCD0-4FCB-A81F-6202581898AF}.Debug|Any CPU.ActiveCfg = Debug|iPhoneSimulator
		{DF62CE8C-BCD0-4FCB-A81F-6202581898AF}.Debug|Any CPU.Build.0 = Debug|iPhoneSimulator
		{DF62CE8C-BCD0-4FCB-A81F-6202581898AF}.Debug|Any CPU.Deploy.0 = Debug|iPhoneSimulator
		{DF62CE8C-BCD0-4FCB-A81F-6202581898AF}.Debug|ARM.ActiveCfg = Debug|iPhone
		{DF62CE8C-BCD0-4FCB-A81F-6202581898AF}.Debug|ARM.Build.0 = Debug|iPhone
		{DF62CE8C-BCD0-4FCB-A81F-6202581898AF}.Debug|ARM.Deploy.0 = Debug|iPhone
		{DF62CE8C-BCD0-4FCB-A81F-6202581898AF}.Debug|iPhone.ActiveCfg = Debug|iPhone
		{DF62CE8C-BCD0-4FCB-A81F-6202581898AF}.Debug|iPhone.Build.0 = Debug|iPhone
		{DF62CE8C-BCD0-4FCB-A81F-6202581898AF}.Debug|iPhone.Deploy.0 = Debug|iPhone
		{DF62CE8C-BCD0-4FCB-A81F-6202581898AF}.Debug|iPhoneSimulator.ActiveCfg = Debug|iPhoneSimulator
		{DF62CE8C-BCD0-4FCB-A81F-6202581898AF}.Debug|iPhoneSimulator.Build.0 = Debug|iPhoneSimulator
		{DF62CE8C-BCD0-4FCB-A81F-6202581898AF}.Debug|iPhoneSimulator.Deploy.0 = Debug|iPhoneSimulator
		{DF62CE8C-BCD0-4FCB-A81F-6202581898AF}.Debug|x64.ActiveCfg = Debug|iPhone
		{DF62CE8C-BCD0-4FCB-A81F-6202581898AF}.Debug|x64.Build.0 = Debug|iPhone
		{DF62CE8C-BCD0-4FCB-A81F-6202581898AF}.Debug|x64.Deploy.0 = Debug|iPhone
		{DF62CE8C-BCD0-4FCB-A81F-6202581898AF}.Debug|x86.ActiveCfg = Debug|iPhone
		{DF62CE8C-BCD0-4FCB-A81F-6202581898AF}.Debug|x86.Build.0 = Debug|iPhone
		{DF62CE8C-BCD0-4FCB-A81F-6202581898AF}.Debug|x86.Deploy.0 = Debug|iPhone
		{DF62CE8C-BCD0-4FCB-A81F-6202581898AF}.Release|Any CPU.ActiveCfg = Release|iPhone
		{DF62CE8C-BCD0-4FCB-A81F-6202581898AF}.Release|Any CPU.Build.0 = Release|iPhone
		{DF62CE8C-BCD0-4FCB-A81F-6202581898AF}.Release|Any CPU.Deploy.0 = Release|iPhone
		{DF62CE8C-BCD0-4FCB-A81F-6202581898AF}.Release|ARM.ActiveCfg = Release|iPhone
		{DF62CE8C-BCD0-4FCB-A81F-6202581898AF}.Release|ARM.Build.0 = Release|iPhone
		{DF62CE8C-BCD0-4FCB-A81F-6202581898AF}.Release|ARM.Deploy.0 = Release|iPhone
		{DF62CE8C-BCD0-4FCB-A81F-6202581898AF}.Release|iPhone.ActiveCfg = Release|iPhone
		{DF62CE8C-BCD0-4FCB-A81F-6202581898AF}.Release|iPhone.Build.0 = Release|iPhone
		{DF62CE8C-BCD0-4FCB-A81F-6202581898AF}.Release|iPhone.Deploy.0 = Release|iPhone
		{DF62CE8C-BCD0-4FCB-A81F-6202581898AF}.Release|iPhoneSimulator.ActiveCfg = Release|iPhoneSimulator
		{DF62CE8C-BCD0-4FCB-A81F-6202581898AF}.Release|iPhoneSimulator.Build.0 = Release|iPhoneSimulator
		{DF62CE8C-BCD0-4FCB-A81F-6202581898AF}.Release|iPhoneSimulator.Deploy.0 = Release|iPhoneSimulator
		{DF62CE8C-BCD0-4FCB-A81F-6202581898AF}.Release|x64.ActiveCfg = Release|iPhone
		{DF62CE8C-BCD0-4FCB-A81F-6202581898AF}.Release|x64.Build.0 = Release|iPhone
		{DF62CE8C-BCD0-4FCB-A81F-6202581898AF}.Release|x64.Deploy.0 = Release|iPhone
		{DF62CE8C-BCD0-4FCB-A81F-6202581898AF}.Release|x86.ActiveCfg = Release|iPhone
		{DF62CE8C-BCD0-4FCB-A81F-6202581898AF}.Release|x86.Build.0 = Release|iPhone
		{DF62CE8C-BCD0-4FCB-A81F-6202581898AF}.Release|x86.Deploy.0 = Release|iPhone
		{F2B51A1B-80D8-46A5-B4C9-D5A4102D5303}.Ad-Hoc|Any CPU.ActiveCfg = Debug|Any CPU
		{F2B51A1B-80D8-46A5-B4C9-D5A4102D5303}.Ad-Hoc|Any CPU.Build.0 = Debug|Any CPU
		{F2B51A1B-80D8-46A5-B4C9-D5A4102D5303}.Ad-Hoc|Any CPU.Deploy.0 = Debug|Any CPU
		{F2B51A1B-80D8-46A5-B4C9-D5A4102D5303}.Ad-Hoc|ARM.ActiveCfg = Debug|Any CPU
		{F2B51A1B-80D8-46A5-B4C9-D5A4102D5303}.Ad-Hoc|ARM.Build.0 = Debug|Any CPU
		{F2B51A1B-80D8-46A5-B4C9-D5A4102D5303}.Ad-Hoc|ARM.Deploy.0 = Debug|Any CPU
		{F2B51A1B-80D8-46A5-B4C9-D5A4102D5303}.Ad-Hoc|iPhone.ActiveCfg = Debug|Any CPU
		{F2B51A1B-80D8-46A5-B4C9-D5A4102D5303}.Ad-Hoc|iPhone.Build.0 = Debug|Any CPU
		{F2B51A1B-80D8-46A5-B4C9-D5A4102D5303}.Ad-Hoc|iPhone.Deploy.0 = Debug|Any CPU
		{F2B51A1B-80D8-46A5-B4C9-D5A4102D5303}.Ad-Hoc|iPhoneSimulator.ActiveCfg = Debug|Any CPU
		{F2B51A1B-80D8-46A5-B4C9-D5A4102D5303}.Ad-Hoc|iPhoneSimulator.Build.0 = Debug|Any CPU
		{F2B51A1B-80D8-46A5-B4C9-D5A4102D5303}.Ad-Hoc|iPhoneSimulator.Deploy.0 = Debug|Any CPU
		{F2B51A1B-80D8-46A5-B4C9-D5A4102D5303}.Ad-Hoc|x64.ActiveCfg = Debug|Any CPU
		{F2B51A1B-80D8-46A5-B4C9-D5A4102D5303}.Ad-Hoc|x64.Build.0 = Debug|Any CPU
		{F2B51A1B-80D8-46A5-B4C9-D5A4102D5303}.Ad-Hoc|x64.Deploy.0 = Debug|Any CPU
		{F2B51A1B-80D8-46A5-B4C9-D5A4102D5303}.Ad-Hoc|x86.ActiveCfg = Debug|Any CPU
		{F2B51A1B-80D8-46A5-B4C9-D5A4102D5303}.Ad-Hoc|x86.Build.0 = Debug|Any CPU
		{F2B51A1B-80D8-46A5-B4C9-D5A4102D5303}.Ad-Hoc|x86.Deploy.0 = Debug|Any CPU
		{F2B51A1B-80D8-46A5-B4C9-D5A4102D5303}.AppStore|Any CPU.ActiveCfg = Debug|Any CPU
		{F2B51A1B-80D8-46A5-B4C9-D5A4102D5303}.AppStore|Any CPU.Build.0 = Debug|Any CPU
		{F2B51A1B-80D8-46A5-B4C9-D5A4102D5303}.AppStore|Any CPU.Deploy.0 = Debug|Any CPU
		{F2B51A1B-80D8-46A5-B4C9-D5A4102D5303}.AppStore|ARM.ActiveCfg = Debug|Any CPU
		{F2B51A1B-80D8-46A5-B4C9-D5A4102D5303}.AppStore|ARM.Build.0 = Debug|Any CPU
		{F2B51A1B-80D8-46A5-B4C9-D5A4102D5303}.AppStore|ARM.Deploy.0 = Debug|Any CPU
		{F2B51A1B-80D8-46A5-B4C9-D5A4102D5303}.AppStore|iPhone.ActiveCfg = Debug|Any CPU
		{F2B51A1B-80D8-46A5-B4C9-D5A4102D5303}.AppStore|iPhone.Build.0 = Debug|Any CPU
		{F2B51A1B-80D8-46A5-B4C9-D5A4102D5303}.AppStore|iPhone.Deploy.0 = Debug|Any CPU
		{F2B51A1B-80D8-46A5-B4C9-D5A4102D5303}.AppStore|iPhoneSimulator.ActiveCfg = Debug|Any CPU
		{F2B51A1B-80D8-46A5-B4C9-D5A4102D5303}.AppStore|iPhoneSimulator.Build.0 = Debug|Any CPU
		{F2B51A1B-80D8-46A5-B4C9-D5A4102D5303}.AppStore|iPhoneSimulator.Deploy.0 = Debug|Any CPU
		{F2B51A1B-80D8-46A5-B4C9-D5A4102D5303}.AppStore|x64.ActiveCfg = Debug|Any CPU
		{F2B51A1B-80D8-46A5-B4C9-D5A4102D5303}.AppStore|x64.Build.0 = Debug|Any CPU
		{F2B51A1B-80D8-46A5-B4C9-D5A4102D5303}.AppStore|x64.Deploy.0 = Debug|Any CPU
		{F2B51A1B-80D8-46A5-B4C9-D5A4102D5303}.AppStore|x86.ActiveCfg = Debug|Any CPU
		{F2B51A1B-80D8-46A5-B4C9-D5A4102D5303}.AppStore|x86.Build.0 = Debug|Any CPU
		{F2B51A1B-80D8-46A5-B4C9-D5A4102D5303}.AppStore|x86.Deploy.0 = Debug|Any CPU
		{F2B51A1B-80D8-46A5-B4C9-D5A4102D5303}.Debug|Any CPU.ActiveCfg = Debug|Any CPU
		{F2B51A1B-80D8-46A5-B4C9-D5A4102D5303}.Debug|Any CPU.Build.0 = Debug|Any CPU
		{F2B51A1B-80D8-46A5-B4C9-D5A4102D5303}.Debug|Any CPU.Deploy.0 = Debug|Any CPU
		{F2B51A1B-80D8-46A5-B4C9-D5A4102D5303}.Debug|ARM.ActiveCfg = Debug|Any CPU
		{F2B51A1B-80D8-46A5-B4C9-D5A4102D5303}.Debug|ARM.Build.0 = Debug|Any CPU
		{F2B51A1B-80D8-46A5-B4C9-D5A4102D5303}.Debug|ARM.Deploy.0 = Debug|Any CPU
		{F2B51A1B-80D8-46A5-B4C9-D5A4102D5303}.Debug|iPhone.ActiveCfg = Debug|Any CPU
		{F2B51A1B-80D8-46A5-B4C9-D5A4102D5303}.Debug|iPhone.Build.0 = Debug|Any CPU
		{F2B51A1B-80D8-46A5-B4C9-D5A4102D5303}.Debug|iPhone.Deploy.0 = Debug|Any CPU
		{F2B51A1B-80D8-46A5-B4C9-D5A4102D5303}.Debug|iPhoneSimulator.ActiveCfg = Debug|Any CPU
		{F2B51A1B-80D8-46A5-B4C9-D5A4102D5303}.Debug|iPhoneSimulator.Build.0 = Debug|Any CPU
		{F2B51A1B-80D8-46A5-B4C9-D5A4102D5303}.Debug|iPhoneSimulator.Deploy.0 = Debug|Any CPU
		{F2B51A1B-80D8-46A5-B4C9-D5A4102D5303}.Debug|x64.ActiveCfg = Debug|Any CPU
		{F2B51A1B-80D8-46A5-B4C9-D5A4102D5303}.Debug|x64.Build.0 = Debug|Any CPU
		{F2B51A1B-80D8-46A5-B4C9-D5A4102D5303}.Debug|x64.Deploy.0 = Debug|Any CPU
		{F2B51A1B-80D8-46A5-B4C9-D5A4102D5303}.Debug|x86.ActiveCfg = Debug|Any CPU
		{F2B51A1B-80D8-46A5-B4C9-D5A4102D5303}.Debug|x86.Build.0 = Debug|Any CPU
		{F2B51A1B-80D8-46A5-B4C9-D5A4102D5303}.Debug|x86.Deploy.0 = Debug|Any CPU
		{F2B51A1B-80D8-46A5-B4C9-D5A4102D5303}.Release|Any CPU.ActiveCfg = Release|Any CPU
		{F2B51A1B-80D8-46A5-B4C9-D5A4102D5303}.Release|Any CPU.Build.0 = Release|Any CPU
		{F2B51A1B-80D8-46A5-B4C9-D5A4102D5303}.Release|Any CPU.Deploy.0 = Release|Any CPU
		{F2B51A1B-80D8-46A5-B4C9-D5A4102D5303}.Release|ARM.ActiveCfg = Release|Any CPU
		{F2B51A1B-80D8-46A5-B4C9-D5A4102D5303}.Release|ARM.Build.0 = Release|Any CPU
		{F2B51A1B-80D8-46A5-B4C9-D5A4102D5303}.Release|ARM.Deploy.0 = Release|Any CPU
		{F2B51A1B-80D8-46A5-B4C9-D5A4102D5303}.Release|iPhone.ActiveCfg = Release|Any CPU
		{F2B51A1B-80D8-46A5-B4C9-D5A4102D5303}.Release|iPhone.Build.0 = Release|Any CPU
		{F2B51A1B-80D8-46A5-B4C9-D5A4102D5303}.Release|iPhone.Deploy.0 = Release|Any CPU
		{F2B51A1B-80D8-46A5-B4C9-D5A4102D5303}.Release|iPhoneSimulator.ActiveCfg = Release|Any CPU
		{F2B51A1B-80D8-46A5-B4C9-D5A4102D5303}.Release|iPhoneSimulator.Build.0 = Release|Any CPU
		{F2B51A1B-80D8-46A5-B4C9-D5A4102D5303}.Release|iPhoneSimulator.Deploy.0 = Release|Any CPU
		{F2B51A1B-80D8-46A5-B4C9-D5A4102D5303}.Release|x64.ActiveCfg = Release|Any CPU
		{F2B51A1B-80D8-46A5-B4C9-D5A4102D5303}.Release|x64.Build.0 = Release|Any CPU
		{F2B51A1B-80D8-46A5-B4C9-D5A4102D5303}.Release|x64.Deploy.0 = Release|Any CPU
		{F2B51A1B-80D8-46A5-B4C9-D5A4102D5303}.Release|x86.ActiveCfg = Release|Any CPU
		{F2B51A1B-80D8-46A5-B4C9-D5A4102D5303}.Release|x86.Build.0 = Release|Any CPU
		{F2B51A1B-80D8-46A5-B4C9-D5A4102D5303}.Release|x86.Deploy.0 = Release|Any CPU
		{1D409E37-4EC3-4D8E-B76A-19AA63602ED8}.Ad-Hoc|Any CPU.ActiveCfg = Release|x86
		{1D409E37-4EC3-4D8E-B76A-19AA63602ED8}.Ad-Hoc|Any CPU.Build.0 = Release|x86
		{1D409E37-4EC3-4D8E-B76A-19AA63602ED8}.Ad-Hoc|Any CPU.Deploy.0 = Release|x86
		{1D409E37-4EC3-4D8E-B76A-19AA63602ED8}.Ad-Hoc|ARM.ActiveCfg = Release|ARM
		{1D409E37-4EC3-4D8E-B76A-19AA63602ED8}.Ad-Hoc|ARM.Build.0 = Release|ARM
		{1D409E37-4EC3-4D8E-B76A-19AA63602ED8}.Ad-Hoc|ARM.Deploy.0 = Release|ARM
		{1D409E37-4EC3-4D8E-B76A-19AA63602ED8}.Ad-Hoc|iPhone.ActiveCfg = Release|x86
		{1D409E37-4EC3-4D8E-B76A-19AA63602ED8}.Ad-Hoc|iPhone.Build.0 = Release|x86
		{1D409E37-4EC3-4D8E-B76A-19AA63602ED8}.Ad-Hoc|iPhone.Deploy.0 = Release|x86
		{1D409E37-4EC3-4D8E-B76A-19AA63602ED8}.Ad-Hoc|iPhoneSimulator.ActiveCfg = Release|x86
		{1D409E37-4EC3-4D8E-B76A-19AA63602ED8}.Ad-Hoc|iPhoneSimulator.Build.0 = Release|x86
		{1D409E37-4EC3-4D8E-B76A-19AA63602ED8}.Ad-Hoc|iPhoneSimulator.Deploy.0 = Release|x86
		{1D409E37-4EC3-4D8E-B76A-19AA63602ED8}.Ad-Hoc|x64.ActiveCfg = Release|x64
		{1D409E37-4EC3-4D8E-B76A-19AA63602ED8}.Ad-Hoc|x64.Build.0 = Release|x64
		{1D409E37-4EC3-4D8E-B76A-19AA63602ED8}.Ad-Hoc|x64.Deploy.0 = Release|x64
		{1D409E37-4EC3-4D8E-B76A-19AA63602ED8}.Ad-Hoc|x86.ActiveCfg = Release|x86
		{1D409E37-4EC3-4D8E-B76A-19AA63602ED8}.Ad-Hoc|x86.Build.0 = Release|x86
		{1D409E37-4EC3-4D8E-B76A-19AA63602ED8}.Ad-Hoc|x86.Deploy.0 = Release|x86
		{1D409E37-4EC3-4D8E-B76A-19AA63602ED8}.AppStore|Any CPU.ActiveCfg = Release|x86
		{1D409E37-4EC3-4D8E-B76A-19AA63602ED8}.AppStore|Any CPU.Build.0 = Release|x86
		{1D409E37-4EC3-4D8E-B76A-19AA63602ED8}.AppStore|Any CPU.Deploy.0 = Release|x86
		{1D409E37-4EC3-4D8E-B76A-19AA63602ED8}.AppStore|ARM.ActiveCfg = Release|ARM
		{1D409E37-4EC3-4D8E-B76A-19AA63602ED8}.AppStore|ARM.Build.0 = Release|ARM
		{1D409E37-4EC3-4D8E-B76A-19AA63602ED8}.AppStore|ARM.Deploy.0 = Release|ARM
		{1D409E37-4EC3-4D8E-B76A-19AA63602ED8}.AppStore|iPhone.ActiveCfg = Release|x86
		{1D409E37-4EC3-4D8E-B76A-19AA63602ED8}.AppStore|iPhone.Build.0 = Release|x86
		{1D409E37-4EC3-4D8E-B76A-19AA63602ED8}.AppStore|iPhone.Deploy.0 = Release|x86
		{1D409E37-4EC3-4D8E-B76A-19AA63602ED8}.AppStore|iPhoneSimulator.ActiveCfg = Release|x86
		{1D409E37-4EC3-4D8E-B76A-19AA63602ED8}.AppStore|iPhoneSimulator.Build.0 = Release|x86
		{1D409E37-4EC3-4D8E-B76A-19AA63602ED8}.AppStore|iPhoneSimulator.Deploy.0 = Release|x86
		{1D409E37-4EC3-4D8E-B76A-19AA63602ED8}.AppStore|x64.ActiveCfg = Release|x64
		{1D409E37-4EC3-4D8E-B76A-19AA63602ED8}.AppStore|x64.Build.0 = Release|x64
		{1D409E37-4EC3-4D8E-B76A-19AA63602ED8}.AppStore|x64.Deploy.0 = Release|x64
		{1D409E37-4EC3-4D8E-B76A-19AA63602ED8}.AppStore|x86.ActiveCfg = Release|x86
		{1D409E37-4EC3-4D8E-B76A-19AA63602ED8}.AppStore|x86.Build.0 = Release|x86
		{1D409E37-4EC3-4D8E-B76A-19AA63602ED8}.AppStore|x86.Deploy.0 = Release|x86
		{1D409E37-4EC3-4D8E-B76A-19AA63602ED8}.Debug|Any CPU.ActiveCfg = Debug|x86
		{1D409E37-4EC3-4D8E-B76A-19AA63602ED8}.Debug|Any CPU.Build.0 = Debug|x86
		{1D409E37-4EC3-4D8E-B76A-19AA63602ED8}.Debug|Any CPU.Deploy.0 = Debug|x86
		{1D409E37-4EC3-4D8E-B76A-19AA63602ED8}.Debug|ARM.ActiveCfg = Debug|ARM
		{1D409E37-4EC3-4D8E-B76A-19AA63602ED8}.Debug|ARM.Build.0 = Debug|ARM
		{1D409E37-4EC3-4D8E-B76A-19AA63602ED8}.Debug|ARM.Deploy.0 = Debug|ARM
		{1D409E37-4EC3-4D8E-B76A-19AA63602ED8}.Debug|iPhone.ActiveCfg = Debug|x86
		{1D409E37-4EC3-4D8E-B76A-19AA63602ED8}.Debug|iPhone.Build.0 = Debug|x86
		{1D409E37-4EC3-4D8E-B76A-19AA63602ED8}.Debug|iPhone.Deploy.0 = Debug|x86
		{1D409E37-4EC3-4D8E-B76A-19AA63602ED8}.Debug|iPhoneSimulator.ActiveCfg = Debug|x86
		{1D409E37-4EC3-4D8E-B76A-19AA63602ED8}.Debug|iPhoneSimulator.Build.0 = Debug|x86
		{1D409E37-4EC3-4D8E-B76A-19AA63602ED8}.Debug|iPhoneSimulator.Deploy.0 = Debug|x86
		{1D409E37-4EC3-4D8E-B76A-19AA63602ED8}.Debug|x64.ActiveCfg = Debug|x64
		{1D409E37-4EC3-4D8E-B76A-19AA63602ED8}.Debug|x64.Build.0 = Debug|x64
		{1D409E37-4EC3-4D8E-B76A-19AA63602ED8}.Debug|x64.Deploy.0 = Debug|x64
		{1D409E37-4EC3-4D8E-B76A-19AA63602ED8}.Debug|x86.ActiveCfg = Debug|x86
		{1D409E37-4EC3-4D8E-B76A-19AA63602ED8}.Debug|x86.Build.0 = Debug|x86
		{1D409E37-4EC3-4D8E-B76A-19AA63602ED8}.Debug|x86.Deploy.0 = Debug|x86
		{1D409E37-4EC3-4D8E-B76A-19AA63602ED8}.Release|Any CPU.ActiveCfg = Release|x86
		{1D409E37-4EC3-4D8E-B76A-19AA63602ED8}.Release|Any CPU.Build.0 = Release|x86
		{1D409E37-4EC3-4D8E-B76A-19AA63602ED8}.Release|Any CPU.Deploy.0 = Release|x86
		{1D409E37-4EC3-4D8E-B76A-19AA63602ED8}.Release|ARM.ActiveCfg = Release|ARM
		{1D409E37-4EC3-4D8E-B76A-19AA63602ED8}.Release|ARM.Build.0 = Release|ARM
		{1D409E37-4EC3-4D8E-B76A-19AA63602ED8}.Release|ARM.Deploy.0 = Release|ARM
		{1D409E37-4EC3-4D8E-B76A-19AA63602ED8}.Release|iPhone.ActiveCfg = Release|x86
		{1D409E37-4EC3-4D8E-B76A-19AA63602ED8}.Release|iPhone.Build.0 = Release|x86
		{1D409E37-4EC3-4D8E-B76A-19AA63602ED8}.Release|iPhone.Deploy.0 = Release|x86
		{1D409E37-4EC3-4D8E-B76A-19AA63602ED8}.Release|iPhoneSimulator.ActiveCfg = Release|x86
		{1D409E37-4EC3-4D8E-B76A-19AA63602ED8}.Release|iPhoneSimulator.Build.0 = Release|x86
		{1D409E37-4EC3-4D8E-B76A-19AA63602ED8}.Release|iPhoneSimulator.Deploy.0 = Release|x86
		{1D409E37-4EC3-4D8E-B76A-19AA63602ED8}.Release|x64.ActiveCfg = Release|x64
		{1D409E37-4EC3-4D8E-B76A-19AA63602ED8}.Release|x64.Build.0 = Release|x64
		{1D409E37-4EC3-4D8E-B76A-19AA63602ED8}.Release|x64.Deploy.0 = Release|x64
		{1D409E37-4EC3-4D8E-B76A-19AA63602ED8}.Release|x86.ActiveCfg = Release|x86
		{1D409E37-4EC3-4D8E-B76A-19AA63602ED8}.Release|x86.Build.0 = Release|x86
		{1D409E37-4EC3-4D8E-B76A-19AA63602ED8}.Release|x86.Deploy.0 = Release|x86
		{57092922-8AC9-43AD-9F21-0C3B08E19615}.Ad-Hoc|Any CPU.ActiveCfg = Debug|Any CPU
		{57092922-8AC9-43AD-9F21-0C3B08E19615}.Ad-Hoc|Any CPU.Build.0 = Debug|Any CPU
		{57092922-8AC9-43AD-9F21-0C3B08E19615}.Ad-Hoc|ARM.ActiveCfg = Debug|Any CPU
		{57092922-8AC9-43AD-9F21-0C3B08E19615}.Ad-Hoc|ARM.Build.0 = Debug|Any CPU
		{57092922-8AC9-43AD-9F21-0C3B08E19615}.Ad-Hoc|iPhone.ActiveCfg = Debug|Any CPU
		{57092922-8AC9-43AD-9F21-0C3B08E19615}.Ad-Hoc|iPhone.Build.0 = Debug|Any CPU
		{57092922-8AC9-43AD-9F21-0C3B08E19615}.Ad-Hoc|iPhoneSimulator.ActiveCfg = Debug|Any CPU
		{57092922-8AC9-43AD-9F21-0C3B08E19615}.Ad-Hoc|iPhoneSimulator.Build.0 = Debug|Any CPU
		{57092922-8AC9-43AD-9F21-0C3B08E19615}.Ad-Hoc|x64.ActiveCfg = Debug|Any CPU
		{57092922-8AC9-43AD-9F21-0C3B08E19615}.Ad-Hoc|x64.Build.0 = Debug|Any CPU
		{57092922-8AC9-43AD-9F21-0C3B08E19615}.Ad-Hoc|x86.ActiveCfg = Debug|Any CPU
		{57092922-8AC9-43AD-9F21-0C3B08E19615}.Ad-Hoc|x86.Build.0 = Debug|Any CPU
		{57092922-8AC9-43AD-9F21-0C3B08E19615}.AppStore|Any CPU.ActiveCfg = Debug|Any CPU
		{57092922-8AC9-43AD-9F21-0C3B08E19615}.AppStore|Any CPU.Build.0 = Debug|Any CPU
		{57092922-8AC9-43AD-9F21-0C3B08E19615}.AppStore|ARM.ActiveCfg = Debug|Any CPU
		{57092922-8AC9-43AD-9F21-0C3B08E19615}.AppStore|ARM.Build.0 = Debug|Any CPU
		{57092922-8AC9-43AD-9F21-0C3B08E19615}.AppStore|iPhone.ActiveCfg = Debug|Any CPU
		{57092922-8AC9-43AD-9F21-0C3B08E19615}.AppStore|iPhone.Build.0 = Debug|Any CPU
		{57092922-8AC9-43AD-9F21-0C3B08E19615}.AppStore|iPhoneSimulator.ActiveCfg = Debug|Any CPU
		{57092922-8AC9-43AD-9F21-0C3B08E19615}.AppStore|iPhoneSimulator.Build.0 = Debug|Any CPU
		{57092922-8AC9-43AD-9F21-0C3B08E19615}.AppStore|x64.ActiveCfg = Debug|Any CPU
		{57092922-8AC9-43AD-9F21-0C3B08E19615}.AppStore|x64.Build.0 = Debug|Any CPU
		{57092922-8AC9-43AD-9F21-0C3B08E19615}.AppStore|x86.ActiveCfg = Debug|Any CPU
		{57092922-8AC9-43AD-9F21-0C3B08E19615}.AppStore|x86.Build.0 = Debug|Any CPU
		{57092922-8AC9-43AD-9F21-0C3B08E19615}.Debug|Any CPU.ActiveCfg = Debug|Any CPU
		{57092922-8AC9-43AD-9F21-0C3B08E19615}.Debug|Any CPU.Build.0 = Debug|Any CPU
		{57092922-8AC9-43AD-9F21-0C3B08E19615}.Debug|ARM.ActiveCfg = Debug|Any CPU
		{57092922-8AC9-43AD-9F21-0C3B08E19615}.Debug|ARM.Build.0 = Debug|Any CPU
		{57092922-8AC9-43AD-9F21-0C3B08E19615}.Debug|iPhone.ActiveCfg = Debug|Any CPU
		{57092922-8AC9-43AD-9F21-0C3B08E19615}.Debug|iPhone.Build.0 = Debug|Any CPU
		{57092922-8AC9-43AD-9F21-0C3B08E19615}.Debug|iPhoneSimulator.ActiveCfg = Debug|Any CPU
		{57092922-8AC9-43AD-9F21-0C3B08E19615}.Debug|iPhoneSimulator.Build.0 = Debug|Any CPU
		{57092922-8AC9-43AD-9F21-0C3B08E19615}.Debug|x64.ActiveCfg = Debug|Any CPU
		{57092922-8AC9-43AD-9F21-0C3B08E19615}.Debug|x64.Build.0 = Debug|Any CPU
		{57092922-8AC9-43AD-9F21-0C3B08E19615}.Debug|x86.ActiveCfg = Debug|Any CPU
		{57092922-8AC9-43AD-9F21-0C3B08E19615}.Debug|x86.Build.0 = Debug|Any CPU
		{57092922-8AC9-43AD-9F21-0C3B08E19615}.Release|Any CPU.ActiveCfg = Release|Any CPU
		{57092922-8AC9-43AD-9F21-0C3B08E19615}.Release|Any CPU.Build.0 = Release|Any CPU
		{57092922-8AC9-43AD-9F21-0C3B08E19615}.Release|ARM.ActiveCfg = Release|Any CPU
		{57092922-8AC9-43AD-9F21-0C3B08E19615}.Release|ARM.Build.0 = Release|Any CPU
		{57092922-8AC9-43AD-9F21-0C3B08E19615}.Release|iPhone.ActiveCfg = Release|Any CPU
		{57092922-8AC9-43AD-9F21-0C3B08E19615}.Release|iPhone.Build.0 = Release|Any CPU
		{57092922-8AC9-43AD-9F21-0C3B08E19615}.Release|iPhoneSimulator.ActiveCfg = Release|Any CPU
		{57092922-8AC9-43AD-9F21-0C3B08E19615}.Release|iPhoneSimulator.Build.0 = Release|Any CPU
		{57092922-8AC9-43AD-9F21-0C3B08E19615}.Release|x64.ActiveCfg = Release|Any CPU
		{57092922-8AC9-43AD-9F21-0C3B08E19615}.Release|x64.Build.0 = Release|Any CPU
		{57092922-8AC9-43AD-9F21-0C3B08E19615}.Release|x86.ActiveCfg = Release|Any CPU
		{57092922-8AC9-43AD-9F21-0C3B08E19615}.Release|x86.Build.0 = Release|Any CPU
		{2F03B799-C89D-4DD7-9B8D-0E94C6AFEB12}.Ad-Hoc|Any CPU.ActiveCfg = Debug|Any CPU
		{2F03B799-C89D-4DD7-9B8D-0E94C6AFEB12}.Ad-Hoc|Any CPU.Build.0 = Debug|Any CPU
		{2F03B799-C89D-4DD7-9B8D-0E94C6AFEB12}.Ad-Hoc|ARM.ActiveCfg = Debug|Any CPU
		{2F03B799-C89D-4DD7-9B8D-0E94C6AFEB12}.Ad-Hoc|ARM.Build.0 = Debug|Any CPU
		{2F03B799-C89D-4DD7-9B8D-0E94C6AFEB12}.Ad-Hoc|iPhone.ActiveCfg = Debug|Any CPU
		{2F03B799-C89D-4DD7-9B8D-0E94C6AFEB12}.Ad-Hoc|iPhone.Build.0 = Debug|Any CPU
		{2F03B799-C89D-4DD7-9B8D-0E94C6AFEB12}.Ad-Hoc|iPhoneSimulator.ActiveCfg = Debug|Any CPU
		{2F03B799-C89D-4DD7-9B8D-0E94C6AFEB12}.Ad-Hoc|iPhoneSimulator.Build.0 = Debug|Any CPU
		{2F03B799-C89D-4DD7-9B8D-0E94C6AFEB12}.Ad-Hoc|x64.ActiveCfg = Debug|Any CPU
		{2F03B799-C89D-4DD7-9B8D-0E94C6AFEB12}.Ad-Hoc|x64.Build.0 = Debug|Any CPU
		{2F03B799-C89D-4DD7-9B8D-0E94C6AFEB12}.Ad-Hoc|x86.ActiveCfg = Debug|Any CPU
		{2F03B799-C89D-4DD7-9B8D-0E94C6AFEB12}.Ad-Hoc|x86.Build.0 = Debug|Any CPU
		{2F03B799-C89D-4DD7-9B8D-0E94C6AFEB12}.AppStore|Any CPU.ActiveCfg = Debug|Any CPU
		{2F03B799-C89D-4DD7-9B8D-0E94C6AFEB12}.AppStore|Any CPU.Build.0 = Debug|Any CPU
		{2F03B799-C89D-4DD7-9B8D-0E94C6AFEB12}.AppStore|ARM.ActiveCfg = Debug|Any CPU
		{2F03B799-C89D-4DD7-9B8D-0E94C6AFEB12}.AppStore|ARM.Build.0 = Debug|Any CPU
		{2F03B799-C89D-4DD7-9B8D-0E94C6AFEB12}.AppStore|iPhone.ActiveCfg = Debug|Any CPU
		{2F03B799-C89D-4DD7-9B8D-0E94C6AFEB12}.AppStore|iPhone.Build.0 = Debug|Any CPU
		{2F03B799-C89D-4DD7-9B8D-0E94C6AFEB12}.AppStore|iPhoneSimulator.ActiveCfg = Debug|Any CPU
		{2F03B799-C89D-4DD7-9B8D-0E94C6AFEB12}.AppStore|iPhoneSimulator.Build.0 = Debug|Any CPU
		{2F03B799-C89D-4DD7-9B8D-0E94C6AFEB12}.AppStore|x64.ActiveCfg = Debug|Any CPU
		{2F03B799-C89D-4DD7-9B8D-0E94C6AFEB12}.AppStore|x64.Build.0 = Debug|Any CPU
		{2F03B799-C89D-4DD7-9B8D-0E94C6AFEB12}.AppStore|x86.ActiveCfg = Debug|Any CPU
		{2F03B799-C89D-4DD7-9B8D-0E94C6AFEB12}.AppStore|x86.Build.0 = Debug|Any CPU
		{2F03B799-C89D-4DD7-9B8D-0E94C6AFEB12}.Debug|Any CPU.ActiveCfg = Debug|Any CPU
		{2F03B799-C89D-4DD7-9B8D-0E94C6AFEB12}.Debug|Any CPU.Build.0 = Debug|Any CPU
		{2F03B799-C89D-4DD7-9B8D-0E94C6AFEB12}.Debug|ARM.ActiveCfg = Debug|Any CPU
		{2F03B799-C89D-4DD7-9B8D-0E94C6AFEB12}.Debug|ARM.Build.0 = Debug|Any CPU
		{2F03B799-C89D-4DD7-9B8D-0E94C6AFEB12}.Debug|iPhone.ActiveCfg = Debug|Any CPU
		{2F03B799-C89D-4DD7-9B8D-0E94C6AFEB12}.Debug|iPhone.Build.0 = Debug|Any CPU
		{2F03B799-C89D-4DD7-9B8D-0E94C6AFEB12}.Debug|iPhoneSimulator.ActiveCfg = Debug|Any CPU
		{2F03B799-C89D-4DD7-9B8D-0E94C6AFEB12}.Debug|iPhoneSimulator.Build.0 = Debug|Any CPU
		{2F03B799-C89D-4DD7-9B8D-0E94C6AFEB12}.Debug|x64.ActiveCfg = Debug|Any CPU
		{2F03B799-C89D-4DD7-9B8D-0E94C6AFEB12}.Debug|x64.Build.0 = Debug|Any CPU
		{2F03B799-C89D-4DD7-9B8D-0E94C6AFEB12}.Debug|x86.ActiveCfg = Debug|Any CPU
		{2F03B799-C89D-4DD7-9B8D-0E94C6AFEB12}.Debug|x86.Build.0 = Debug|Any CPU
		{2F03B799-C89D-4DD7-9B8D-0E94C6AFEB12}.Release|Any CPU.ActiveCfg = Release|Any CPU
		{2F03B799-C89D-4DD7-9B8D-0E94C6AFEB12}.Release|Any CPU.Build.0 = Release|Any CPU
		{2F03B799-C89D-4DD7-9B8D-0E94C6AFEB12}.Release|ARM.ActiveCfg = Release|Any CPU
		{2F03B799-C89D-4DD7-9B8D-0E94C6AFEB12}.Release|ARM.Build.0 = Release|Any CPU
		{2F03B799-C89D-4DD7-9B8D-0E94C6AFEB12}.Release|iPhone.ActiveCfg = Release|Any CPU
		{2F03B799-C89D-4DD7-9B8D-0E94C6AFEB12}.Release|iPhone.Build.0 = Release|Any CPU
		{2F03B799-C89D-4DD7-9B8D-0E94C6AFEB12}.Release|iPhoneSimulator.ActiveCfg = Release|Any CPU
		{2F03B799-C89D-4DD7-9B8D-0E94C6AFEB12}.Release|iPhoneSimulator.Build.0 = Release|Any CPU
		{2F03B799-C89D-4DD7-9B8D-0E94C6AFEB12}.Release|x64.ActiveCfg = Release|Any CPU
		{2F03B799-C89D-4DD7-9B8D-0E94C6AFEB12}.Release|x64.Build.0 = Release|Any CPU
		{2F03B799-C89D-4DD7-9B8D-0E94C6AFEB12}.Release|x86.ActiveCfg = Release|Any CPU
		{2F03B799-C89D-4DD7-9B8D-0E94C6AFEB12}.Release|x86.Build.0 = Release|Any CPU
	EndGlobalSection
	GlobalSection(SolutionProperties) = preSolution
		HideSolutionNode = FALSE
	EndGlobalSection
	GlobalSection(ExtensibilityGlobals) = postSolution
		SolutionGuid = {7861EE9F-A56F-44C6-A059-5FF7EFC143FC}
	EndGlobalSection
EndGlobal
